{
  "nodes": {
    "HTTP": {
      "flake": false,
      "locked": {
        "lastModified": 1451647621,
        "narHash": "sha256-oHIyw3x0iKBexEo49YeUDV1k74ZtyYKGR2gNJXXRxts=",
        "owner": "phadej",
        "repo": "HTTP",
        "rev": "9bc0996d412fef1787449d841277ef663ad9a915",
        "type": "github"
      },
      "original": {
        "owner": "phadej",
        "repo": "HTTP",
        "type": "github"
      }
    },
    "cabal-32": {
      "flake": false,
      "locked": {
        "lastModified": 1603716527,
        "narHash": "sha256-sDbrmur9Zfp4mPKohCD8IDZfXJ0Tjxpmr2R+kg5PpSY=",
        "owner": "haskell",
        "repo": "cabal",
        "rev": "94aaa8e4720081f9c75497e2735b90f6a819b08e",
        "type": "github"
      },
      "original": {
        "owner": "haskell",
        "ref": "3.2",
        "repo": "cabal",
        "type": "github"
      }
    },
    "cabal-34": {
      "flake": false,
      "locked": {
        "lastModified": 1622475795,
        "narHash": "sha256-chwTL304Cav+7p38d9mcb+egABWmxo2Aq+xgVBgEb/U=",
        "owner": "haskell",
        "repo": "cabal",
        "rev": "b086c1995cdd616fc8d91f46a21e905cc50a1049",
        "type": "github"
      },
      "original": {
        "owner": "haskell",
        "ref": "3.4",
        "repo": "cabal",
        "type": "github"
      }
    },
    "cabal-36": {
      "flake": false,
      "locked": {
        "lastModified": 1640163203,
        "narHash": "sha256-TwDWP2CffT0j40W6zr0J1Qbu+oh3nsF1lUx9446qxZM=",
        "owner": "haskell",
        "repo": "cabal",
        "rev": "ecf418050c1821f25e2e218f1be94c31e0465df1",
        "type": "github"
      },
      "original": {
        "owner": "haskell",
        "ref": "3.6",
        "repo": "cabal",
        "type": "github"
      }
    },
    "cardano-shell": {
      "flake": false,
      "locked": {
        "lastModified": 1608537748,
        "narHash": "sha256-PulY1GfiMgKVnBci3ex4ptk2UNYMXqGjJOxcPy2KYT4=",
        "owner": "input-output-hk",
        "repo": "cardano-shell",
        "rev": "9392c75087cb9a3d453998f4230930dea3a95725",
        "type": "github"
      },
      "original": {
        "owner": "input-output-hk",
        "repo": "cardano-shell",
        "type": "github"
      }
    },
    "customConfig": {
      "locked": {
        "lastModified": 1630400035,
        "narHash": "sha256-MWaVOCzuFwp09wZIW9iHq5wWen5C69I940N1swZLEQ0=",
        "owner": "input-output-hk",
        "repo": "empty-flake",
        "rev": "2040a05b67bf9a669ce17eca56beb14b4206a99a",
        "type": "github"
      },
      "original": {
        "owner": "input-output-hk",
        "repo": "empty-flake",
        "type": "github"
      }
    },
    "ema": {
      "inputs": {
        "flake-compat": [
          "emanote",
          "flake-compat"
        ],
        "flake-utils": [
          "emanote",
          "flake-utils"
        ],
        "nixpkgs": "nixpkgs",
        "pre-commit-hooks": "pre-commit-hooks"
      },
      "locked": {
        "lastModified": 1641753633,
        "narHash": "sha256-POXgt4uvzbfvj+2tFXVrVx08+O8/tpTNiqA4r7cUGpY=",
        "owner": "srid",
        "repo": "ema",
        "rev": "8e6a660cb3d1582577be70004dccc2321b2854e1",
        "type": "github"
      },
      "original": {
        "owner": "srid",
        "ref": "master",
        "repo": "ema",
        "type": "github"
      }
    },
    "emanote": {
      "inputs": {
        "ema": "ema",
        "flake-compat": "flake-compat",
        "flake-utils": "flake-utils_2",
        "heist": "heist",
        "nixpkgs": [
          "emanote",
          "ema",
          "nixpkgs"
        ],
        "tailwind-haskell": "tailwind-haskell"
      },
      "locked": {
        "lastModified": 1642347723,
        "narHash": "sha256-ph7bUUWnqv1nOEHyGm8kWeCu27na2LA5CFilUzSWmAw=",
        "owner": "srid",
        "repo": "emanote",
        "rev": "78a5d31d07061ef3bddeed13fcc8eae8bf99d633",
        "type": "github"
      },
      "original": {
        "owner": "srid",
        "repo": "emanote",
        "type": "github"
      }
    },
    "flake-compat": {
      "flake": false,
      "locked": {
        "lastModified": 1627913399,
        "narHash": "sha256-hY8g6H2KFL8ownSiFeMOjwPC8P0ueXpCVEbxgda3pko=",
        "owner": "edolstra",
        "repo": "flake-compat",
        "rev": "12c64ca55c1014cdc1b16ed5a804aa8576601ff2",
        "type": "github"
      },
      "original": {
        "owner": "edolstra",
        "repo": "flake-compat",
        "type": "github"
      }
    },
    "flake-compat_2": {
      "flake": false,
      "locked": {
        "lastModified": 1641205782,
        "narHash": "sha256-4jY7RCWUoZ9cKD8co0/4tFARpWB+57+r1bLLvXNJliY=",
        "owner": "edolstra",
        "repo": "flake-compat",
        "rev": "b7547d3eed6f32d06102ead8991ec52ab0a4f1a7",
        "type": "github"
      },
      "original": {
        "owner": "edolstra",
        "repo": "flake-compat",
        "type": "github"
      }
    },
    "flake-compat_3": {
      "flake": false,
      "locked": {
        "lastModified": 1638445031,
        "narHash": "sha256-dtIZLlf2tfYeLvpZa/jFxP5HvfoXAzr7X76yn6FQAdM=",
        "owner": "input-output-hk",
        "repo": "flake-compat",
        "rev": "20f79e3976b76a37090fbeec7b49dc08dac96b8e",
        "type": "github"
      },
      "original": {
        "owner": "input-output-hk",
        "ref": "fixes",
        "repo": "flake-compat",
        "type": "github"
      }
    },
    "flake-utils": {
      "locked": {
        "lastModified": 1619345332,
        "narHash": "sha256-qHnQkEp1uklKTpx3MvKtY6xzgcqXDsz5nLilbbuL+3A=",
        "owner": "numtide",
        "repo": "flake-utils",
        "rev": "2ebf2558e5bf978c7fb8ea927dfaed8fefab2e28",
        "type": "github"
      },
      "original": {
        "owner": "numtide",
        "repo": "flake-utils",
        "type": "github"
      }
    },
    "flake-utils_2": {
      "locked": {
        "lastModified": 1638122382,
        "narHash": "sha256-sQzZzAbvKEqN9s0bzWuYmRaA03v40gaJ4+iL1LXjaeI=",
        "owner": "numtide",
        "repo": "flake-utils",
        "rev": "74f7e4319258e287b0f9cb95426c9853b282730b",
        "type": "github"
      },
      "original": {
        "owner": "numtide",
        "repo": "flake-utils",
        "type": "github"
      }
    },
    "flake-utils_3": {
      "locked": {
        "lastModified": 1638122382,
        "narHash": "sha256-sQzZzAbvKEqN9s0bzWuYmRaA03v40gaJ4+iL1LXjaeI=",
        "owner": "numtide",
        "repo": "flake-utils",
        "rev": "74f7e4319258e287b0f9cb95426c9853b282730b",
        "type": "github"
      },
      "original": {
        "owner": "numtide",
        "repo": "flake-utils",
        "type": "github"
      }
    },
    "flake-utils_4": {
      "locked": {
        "lastModified": 1638122382,
        "narHash": "sha256-sQzZzAbvKEqN9s0bzWuYmRaA03v40gaJ4+iL1LXjaeI=",
        "owner": "numtide",
        "repo": "flake-utils",
        "rev": "74f7e4319258e287b0f9cb95426c9853b282730b",
        "type": "github"
      },
      "original": {
        "owner": "numtide",
        "repo": "flake-utils",
        "type": "github"
      }
    },
    "flake-utils_5": {
      "locked": {
        "lastModified": 1623875721,
        "narHash": "sha256-A8BU7bjS5GirpAUv4QA+QnJ4CceLHkcXdRp4xITDB0s=",
        "owner": "numtide",
        "repo": "flake-utils",
        "rev": "f7e004a55b120c02ecb6219596820fcd32ca8772",
        "type": "github"
      },
      "original": {
        "owner": "numtide",
        "repo": "flake-utils",
        "type": "github"
      }
    },
    "ghc-8.6.5-iohk": {
      "flake": false,
      "locked": {
        "lastModified": 1600920045,
        "narHash": "sha256-DO6kxJz248djebZLpSzTGD6s8WRpNI9BTwUeOf5RwY8=",
        "owner": "input-output-hk",
        "repo": "ghc",
        "rev": "95713a6ecce4551240da7c96b6176f980af75cae",
        "type": "github"
      },
      "original": {
        "owner": "input-output-hk",
        "ref": "release/8.6.5-iohk",
        "repo": "ghc",
        "type": "github"
      }
    },
    "hackage": {
      "flake": false,
      "locked": {
        "lastModified": 1641863583,
        "narHash": "sha256-QCviqA5BgFFcS8F9rfiPts5bfUP1/tEH7GwoSNkcltA=",
        "owner": "input-output-hk",
        "repo": "hackage.nix",
        "rev": "d3e03042af2d0c71773965051d29b1e50fbb128e",
        "type": "github"
      },
      "original": {
        "owner": "input-output-hk",
        "repo": "hackage.nix",
        "type": "github"
      }
    },
    "haskellNix": {
      "inputs": {
        "HTTP": "HTTP",
        "cabal-32": "cabal-32",
        "cabal-34": "cabal-34",
        "cabal-36": "cabal-36",
        "cardano-shell": "cardano-shell",
        "flake-utils": "flake-utils_5",
        "ghc-8.6.5-iohk": "ghc-8.6.5-iohk",
        "hackage": "hackage",
        "hpc-coveralls": "hpc-coveralls",
        "nix-tools": "nix-tools",
        "nixpkgs": [
          "nixpkgs"
        ],
        "nixpkgs-2003": "nixpkgs-2003",
        "nixpkgs-2105": "nixpkgs-2105",
        "nixpkgs-2111": "nixpkgs-2111",
        "nixpkgs-unstable": "nixpkgs-unstable",
        "old-ghc-nix": "old-ghc-nix",
        "stackage": "stackage"
      },
      "locked": {
        "lastModified": 1641864086,
        "narHash": "sha256-T/MUurQIxV4N015sU8M92+XVRLX+1LE6S02xL/X4ywM=",
        "owner": "input-output-hk",
        "repo": "haskell.nix",
        "rev": "f05b4ce7337cfa833a377a4f7a889cdbc6581103",
        "type": "github"
      },
      "original": {
        "owner": "input-output-hk",
        "repo": "haskell.nix",
        "type": "github"
      }
    },
    "heist": {
      "flake": false,
      "locked": {
        "lastModified": 1624205223,
        "narHash": "sha256-+bcrEKjB/kDRAqOunCD/cKBBVOJUTmY9RoCQ++I42oM=",
        "owner": "srid",
        "repo": "heist",
        "rev": "a8be6f93656f87199e03b9dfb9979dc061614108",
        "type": "github"
      },
      "original": {
        "owner": "srid",
        "ref": "emanote",
        "repo": "heist",
        "type": "github"
      }
    },
    "hpc-coveralls": {
      "flake": false,
      "locked": {
        "lastModified": 1607498076,
        "narHash": "sha256-8uqsEtivphgZWYeUo5RDUhp6bO9j2vaaProQxHBltQk=",
        "owner": "sevanspowell",
        "repo": "hpc-coveralls",
        "rev": "14df0f7d229f4cd2e79f8eabb1a740097fdfa430",
        "type": "github"
      },
      "original": {
        "owner": "sevanspowell",
        "repo": "hpc-coveralls",
        "type": "github"
      }
    },
    "iohkNix": {
      "inputs": {
        "nixpkgs": [
          "nixpkgs"
        ]
      },
      "locked": {
        "lastModified": 1642517206,
        "narHash": "sha256-mMEq8LxansMCt3qzRCa1qiovvZWLYt6yAMoFSl3lq7w=",
        "owner": "input-output-hk",
        "repo": "iohk-nix",
        "rev": "62d853d3216083ecadc8e7f192498bebad4eee76",
        "type": "github"
      },
      "original": {
        "owner": "input-output-hk",
        "repo": "iohk-nix",
        "type": "github"
      }
    },
    "nix-tools": {
      "flake": false,
      "locked": {
        "lastModified": 1636018067,
        "narHash": "sha256-ng306fkuwr6V/malWtt3979iAC4yMVDDH2ViwYB6sQE=",
        "owner": "input-output-hk",
        "repo": "nix-tools",
        "rev": "ed5bd7215292deba55d6ab7a4e8c21f8b1564dda",
        "type": "github"
      },
      "original": {
        "owner": "input-output-hk",
        "repo": "nix-tools",
        "type": "github"
      }
    },
    "nixpkgs": {
      "locked": {
        "lastModified": 1641521701,
        "narHash": "sha256-IuW+4EqqKjNdJ4yO0Qr8k63OkyV1TaF5vsrZzU3GCfI=",
        "owner": "nixos",
        "repo": "nixpkgs",
        "rev": "d77bbfcbb650d9c219ca3286e1efb707b922d7c2",
        "type": "github"
      },
      "original": {
        "owner": "nixos",
        "repo": "nixpkgs",
        "rev": "d77bbfcbb650d9c219ca3286e1efb707b922d7c2",
        "type": "github"
      }
    },
    "nixpkgs-2003": {
      "locked": {
        "lastModified": 1620055814,
        "narHash": "sha256-8LEHoYSJiL901bTMVatq+rf8y7QtWuZhwwpKE2fyaRY=",
        "owner": "NixOS",
        "repo": "nixpkgs",
        "rev": "1db42b7fe3878f3f5f7a4f2dc210772fd080e205",
        "type": "github"
      },
      "original": {
        "owner": "NixOS",
        "ref": "nixpkgs-20.03-darwin",
        "repo": "nixpkgs",
        "type": "github"
      }
    },
    "nixpkgs-2105": {
      "locked": {
        "lastModified": 1640283157,
        "narHash": "sha256-6Ddfop+rKE+Gl9Tjp9YIrkfoYPzb8F80ergdjcq3/MY=",
        "owner": "NixOS",
        "repo": "nixpkgs",
        "rev": "dde1557825c5644c869c5efc7448dc03722a8f09",
        "type": "github"
      },
      "original": {
        "owner": "NixOS",
        "ref": "nixpkgs-21.05-darwin",
        "repo": "nixpkgs",
        "type": "github"
      }
    },
    "nixpkgs-2111": {
      "locked": {
        "lastModified": 1640283207,
        "narHash": "sha256-SCwl7ZnCfMDsuSYvwIroiAlk7n33bW8HFfY8NvKhcPA=",
        "owner": "NixOS",
        "repo": "nixpkgs",
        "rev": "64c7e3388bbd9206e437713351e814366e0c3284",
        "type": "github"
      },
      "original": {
        "owner": "NixOS",
        "ref": "nixpkgs-21.11-darwin",
        "repo": "nixpkgs",
        "type": "github"
      }
    },
    "nixpkgs-unstable": {
      "locked": {
        "lastModified": 1641285291,
        "narHash": "sha256-KYaOBNGar3XWTxTsYPr9P6u74KAqNq0wobEC236U+0c=",
        "owner": "NixOS",
        "repo": "nixpkgs",
        "rev": "0432195a4b8d68faaa7d3d4b355260a3120aeeae",
        "type": "github"
      },
      "original": {
        "owner": "NixOS",
        "ref": "nixpkgs-unstable",
        "repo": "nixpkgs",
        "type": "github"
      }
    },
    "nixpkgs_2": {
      "locked": {
        "lastModified": 1619531122,
        "narHash": "sha256-ovm5bo6PkZzNKh2YGXbRKYIjega0EjiEP0YDwyeXEYU=",
        "owner": "NixOS",
        "repo": "nixpkgs",
        "rev": "bb80d578e8ad3cb5a607f468ac00cc546d0396dc",
        "type": "github"
      },
      "original": {
        "id": "nixpkgs",
        "type": "indirect"
      }
    },
    "nixpkgs_3": {
      "locked": {
        "lastModified": 1641521701,
        "narHash": "sha256-IuW+4EqqKjNdJ4yO0Qr8k63OkyV1TaF5vsrZzU3GCfI=",
        "owner": "NixOS",
        "repo": "nixpkgs",
        "rev": "d77bbfcbb650d9c219ca3286e1efb707b922d7c2",
        "type": "github"
      },
      "original": {
        "id": "nixpkgs",
        "type": "indirect"
      }
    },
    "old-ghc-nix": {
      "flake": false,
      "locked": {
        "lastModified": 1631092763,
        "narHash": "sha256-sIKgO+z7tj4lw3u6oBZxqIhDrzSkvpHtv0Kki+lh9Fg=",
        "owner": "angerman",
        "repo": "old-ghc-nix",
        "rev": "af48a7a7353e418119b6dfe3cd1463a657f342b8",
        "type": "github"
      },
      "original": {
        "owner": "angerman",
        "ref": "master",
        "repo": "old-ghc-nix",
        "type": "github"
      }
    },
    "pre-commit-hooks": {
      "inputs": {
        "flake-utils": "flake-utils",
        "nixpkgs": "nixpkgs_2"
      },
      "locked": {
        "lastModified": 1639823344,
        "narHash": "sha256-jlsQb2y6A5dB1R0wVPLOfDGM0wLyfYqEJNzMtXuzCXw=",
        "owner": "cachix",
        "repo": "pre-commit-hooks.nix",
        "rev": "ff9c0b459ddc4b79c06e19d44251daa8e9cd1746",
        "type": "github"
      },
      "original": {
        "owner": "cachix",
        "repo": "pre-commit-hooks.nix",
        "type": "github"
      }
    },
    "root": {
      "inputs": {
        "customConfig": "customConfig",
        "emanote": "emanote",
        "flake-compat": "flake-compat_3",
        "flake-utils": "flake-utils_4",
        "haskellNix": "haskellNix",
        "hostNixpkgs": [
          "nixpkgs"
        ],
        "iohkNix": "iohkNix",
        "nixpkgs": [
          "haskellNix",
          "nixpkgs-2105"
        ]
      }
    },
    "stackage": {
      "flake": false,
      "locked": {
        "lastModified": 1641864028,
        "narHash": "sha256-8qrm8lZPqxAJ9YM3aYkip8f/ar10IsOCpj4TT8u33Dw=",
        "owner": "input-output-hk",
        "repo": "stackage.nix",
        "rev": "308844000fafade0754e8c6641d0277768050413",
        "type": "github"
      },
      "original": {
        "owner": "input-output-hk",
        "repo": "stackage.nix",
        "type": "github"
      }
    },
    "tailwind-haskell": {
      "inputs": {
        "flake-compat": [
          "emanote",
          "flake-compat"
        ],
        "flake-utils": [
          "emanote",
          "flake-utils"
        ],
        "nixpkgs": [
          "emanote",
          "ema",
          "nixpkgs"
        ],
        "tailwind-nix": "tailwind-nix"
      },
      "locked": {
        "lastModified": 1641997840,
        "narHash": "sha256-Iv3hDIG7fdEL27FZpDzJhgdNBmgr+QnQbqXD9W42RNM=",
        "owner": "srid",
        "repo": "tailwind-haskell",
        "rev": "51c69972f3bdd28727f4a0473625cd05c8f7c4f3",
        "type": "github"
      },
      "original": {
        "owner": "srid",
        "ref": "master",
        "repo": "tailwind-haskell",
        "type": "github"
      }
    },
    "tailwind-nix": {
      "inputs": {
        "flake-compat": "flake-compat_2",
        "flake-utils": "flake-utils_3",
        "nixpkgs": "nixpkgs_3"
      },
      "locked": {
        "lastModified": 1641667991,
        "narHash": "sha256-c49tfYdq3rztwJuQ6/GT4QdQh0fN/vEH75Ny0/+9Mvw=",
        "owner": "srid",
        "repo": "tailwind-nix",
        "rev": "e27e11a66ae26533b265eb826eec357fbf481c92",
        "type": "github"
      },
      "original": {
        "owner": "srid",
        "repo": "tailwind-nix",
        "type": "github"
      }
    }
  },
  "root": "root",
  "version": 7
}
