# This file was autogenerated by Stack.
# You should not edit this file by hand.
# For more information, please see the documentation at:
#   https://docs.haskellstack.org/en/stable/lock_files

packages:
- completed:
    hackage: base16-bytestring-1.0.1.0@sha256:33b9d57afa334d06485033e930c6b13fc760baf88fd8f715ae2f9a4b46e19a54,2641
    pantry-tree:
      size: 595
      sha256: 24661ef9b1089d468227300f8ceb89194b5cce68b9f6ed8109b01f63c07f54e3
  original:
    hackage: base16-bytestring-1.0.1.0
- completed:
    hackage: bech32-1.1.0@sha256:33234b3ae405198b0f4af484753c6a06b4edb107dc256eafa6ef6d0ffe1d74c5,2551
    pantry-tree:
      size: 534
      sha256: 9f52146b3734b3c292407687328fdebb49eb05f943f23764cfb7ed921ac86647
  original:
    hackage: bech32-1.1.0
- completed:
    hackage: bech32-th-1.0.2@sha256:73b5c55cf54b9fcf38b459d235410d7b6ab7143d0acefc176b7134593d25c1ac,1993
    pantry-tree:
      size: 356
      sha256: ddf531b3094e1770b6a48661f0c51acb2a032b753f12346ad352fcb704302831
  original:
    hackage: bech32-th-1.0.2
- completed:
    hackage: containers-0.5.11.0@sha256:28ad7337057442f75bc689315ab4ec7bdf5e6b2c39668f306672cecd82c02798,16685
    pantry-tree:
      size: 4849
      sha256: faa4e75922a28f7cfe9920c1d7ab3866b792cefcd29bf79f54cfe3b6b5f57cbf
  original:
    hackage: containers-0.5.11.0
- completed:
    hackage: dns-3.0.4@sha256:b9c99f4268c9a8df0060cc33c62442fefeed03f3f5ce5387b884a7906a764a96,3335
    pantry-tree:
      size: 1654
      sha256: 1a32e9aea56a0988eae9180f37a009fbe73315f2743bcaec6d62c1df0d84a48d
  original:
    hackage: dns-3.0.4
- completed:
    hackage: micro-recursion-schemes-5.0.2.2@sha256:3e7e4e3aa4b1bb1f6b72add2804602db1460dae541dc1c59d1b741477879be7d,1869
    pantry-tree:
      size: 641
      sha256: 698cb91cbc5a3bcd8a82417a4632db96aaf84bd70eb6783693be44f8f0593c53
  original:
    hackage: micro-recursion-schemes-5.0.2.2
- completed:
    hackage: network-3.1.2.1@sha256:188d6daea8cd91bc3553efd5a90a1e7c6d0425fa66a53baa74db5b6d9fd75c8b,4968
    pantry-tree:
      size: 3971
      sha256: b4130e25e85c786b91b8ad6137d8a7079859e4d7a9effa1fd4d3785a55b4a9cc
  original:
    hackage: network-3.1.2.1
- completed:
    hackage: text-1.2.4.0@sha256:8c24450feb8e3bbb7ea3e17af24ef57e85db077c4bf53e5bcc345b283d1b1d5b,10081
    pantry-tree:
      size: 7457
      sha256: 3437b0a73ce2ae1a81aa8b3438d41a85981c00894cdbee0d6d6d6873046a5d5d
  original:
    hackage: text-1.2.4.0
- completed:
    hackage: binary-0.8.7.0@sha256:ae3e6cca723ac55c54bbb3fa771bcf18142bc727afd57818e66d6ee6c8044f12,7705
    pantry-tree:
      size: 1976
      sha256: 35e44b6d3ccf0d56fc5407dc3f0895e74696a66da189afbd65973c95743f5e25
  original:
    hackage: binary-0.8.7.0
- completed:
    hackage: moo-1.2@sha256:0c4be1a01548db785dcbbe6b8c98579dbf03c5b3b536e0420dce3ba6a61337cb,5951
    pantry-tree:
      size: 2861
      sha256: a32c48fefc42e1f7775c868794a91604522a59a1c0d2b2accff12197329f2d17
  original:
    hackage: moo-1.2
- completed:
    hackage: canonical-json-0.6.0.0@sha256:9021f435ccb884a3b4c55bcc6b50eb19d5fc3cc3f29d5fcbdef016f5bbae23a2,3488
    pantry-tree:
      size: 646
      sha256: 18e3afbd09480a247cd39355929d638e0888ccd2c3873cb79c5a5bc2231fae4f
  original:
    hackage: canonical-json-0.6.0.0
- completed:
    hackage: partial-order-0.2.0.0@sha256:a0d6ddc9ebcfa965a5cbcff1d06d46a79d44ea5a0335c583c2a51bcb41334487,2275
    pantry-tree:
      size: 273
      sha256: 674243e0470949fa81a6025ae0ddb1c52c48cffbf163249868563ec826eaadc5
  original:
    hackage: partial-order-0.2.0.0
- completed:
    hackage: nothunks-0.1.2@sha256:ec366664bb611ba8ce3a48aee626804039ea53517de7788b8705c76be0dcfa72,2235
    pantry-tree:
      size: 342
      sha256: 14422b7789f33fd838bfec9c1c7af152dc211c9633db22d310ac579e84e4afb3
  original:
    hackage: nothunks-0.1.2
- completed:
    hackage: transformers-except-0.1.1@sha256:6c12ef8e632a10440968cd541e75074bd6ef4b5ff4012677f8f8189d7b2d0df6,1387
    pantry-tree:
      size: 322
      sha256: db2c54886fc6de6966bd00d437bb790053d621d8bb357a116040feb80845fd82
  original:
    hackage: transformers-except-0.1.1
- completed:
    hackage: gray-code-0.3.1@sha256:2c8a4ed9c9ee37320305610604d6d93504e0813d7c9768949af418b53043185a,2388
    pantry-tree:
      size: 506
      sha256: 7b133d19b93231ea84b286cfe1a2038d67f9b553826845b33fad6526464e1de7
  original:
    hackage: gray-code-0.3.1
- completed:
    hackage: Unique-0.4.7.6@sha256:a1ff411f4d68c756e01e8d532fbe8e57f1ac77f2cc0ee8a999770be2bca185c5,2723
    pantry-tree:
      size: 1366
      sha256: 587d279ff94e8d6f43da3710634ca3611fa4f6886b1e541a73c69303c00297b9
  original:
    hackage: Unique-0.4.7.6
- completed:
    hackage: libsystemd-journal-1.4.4@sha256:ad86652aad0c1755945a15c323ec77afc139d1f66d60dfe2c02c1caf6efd913e,1238
    pantry-tree:
      size: 280
      sha256: 3e3ac394e103c996eb606acf2c31bf90ec97a7e758afa0165d4c1afc2cf21a4d
  original:
    hackage: libsystemd-journal-1.4.4
- completed:
    hackage: Win32-2.6.2.0@sha256:515518df0728294c99822c65b04be10a242933f40240b125c23469f45c8b11da,4227
    pantry-tree:
      size: 5866
      sha256: af519e1466e346dfac99d715cfdaa12c3275e4bdcd502f26e5f0e254935e0405
  original:
    hackage: Win32-2.6.2.0
- completed:
    hackage: regex-posix-clib-2.7@sha256:998fca06da3d719818f0691ef0b8b9b7375afeea228cb08bd9e2db53f96b0cd7,1232
    pantry-tree:
      size: 524
      sha256: 5bf20952472d930323766d250f5fbbe3fe6f2cd3d931e5cf7b62a238ab2099ff
  original:
    hackage: regex-posix-clib-2.7
- completed:
    hackage: statistics-linreg-0.3@sha256:95c6efe6c7f6b26bc6e9ada90ab2d18216371cf59a6ef2b517b4a6fd35d9a76f,2544
    pantry-tree:
      size: 233
      sha256: 8d1978a6497e4fd9c66b0c5f24ea659aa9714f5b7e8b1dcfce7fb7bb8d4dee0e
  original:
    hackage: statistics-linreg-0.3
- completed:
    hackage: streaming-binary-0.2.2.0@sha256:09b9a9b0291199c5808e88dcf9c93e7b336e740c71efeafd7c835b59794a8c90,1034
    pantry-tree:
      size: 443
      sha256: ffd0144733bfcc342107f912505618eb5b6f4f856d294bc100a6d3c611cdfd45
  original:
    hackage: streaming-binary-0.2.2.0
- completed:
    subdir: binary
    name: cardano-binary
    version: 1.5.0
    git: https://github.com/input-output-hk/cardano-base
    pantry-tree:
      size: 1884
      sha256: 8501080d01b14067a1fd79f3beef32d7effed9fe15801c7f47057ed40c21df74
    commit: b364d925e0a72689ecba40dd1f4899f76170b894
  original:
    subdir: binary
    git: https://github.com/input-output-hk/cardano-base
    commit: b364d925e0a72689ecba40dd1f4899f76170b894
- completed:
    subdir: binary/test
    name: cardano-binary-test
    version: 1.3.0
    git: https://github.com/input-output-hk/cardano-base
    pantry-tree:
      size: 1007
      sha256: ef1fffa066be73b0de16d645bcc3c297b5b54b1eebbd1c9db53e85b04426b7eb
    commit: b364d925e0a72689ecba40dd1f4899f76170b894
  original:
    subdir: binary/test
    git: https://github.com/input-output-hk/cardano-base
    commit: b364d925e0a72689ecba40dd1f4899f76170b894
- completed:
    subdir: cardano-crypto-class
    name: cardano-crypto-class
    version: 2.0.0
    git: https://github.com/input-output-hk/cardano-base
    pantry-tree:
      size: 3360
      sha256: 261f26092c1d79d02321bd16a800139556888c03c64cad86248c6cb46bbcbd2a
    commit: b364d925e0a72689ecba40dd1f4899f76170b894
  original:
    subdir: cardano-crypto-class
    git: https://github.com/input-output-hk/cardano-base
    commit: b364d925e0a72689ecba40dd1f4899f76170b894
- completed:
    subdir: cardano-crypto-tests
    name: cardano-crypto-tests
    version: 2.0.0
    git: https://github.com/input-output-hk/cardano-base
    pantry-tree:
      size: 879
      sha256: 0bfac4df4f7670d48fd570c89a60607a7fa44ff1d67b54cd3c4766034a135f2a
    commit: b364d925e0a72689ecba40dd1f4899f76170b894
  original:
    subdir: cardano-crypto-tests
    git: https://github.com/input-output-hk/cardano-base
    commit: b364d925e0a72689ecba40dd1f4899f76170b894
- completed:
    subdir: cardano-crypto-praos
    name: cardano-crypto-praos
    version: 2.0.0
    git: https://github.com/input-output-hk/cardano-base
    pantry-tree:
      size: 1886
      sha256: 24c86eab4cb04ab066584e6f36be6591d5d336f6a1404be26268d06ad7d868b7
    commit: b364d925e0a72689ecba40dd1f4899f76170b894
  original:
    subdir: cardano-crypto-praos
    git: https://github.com/input-output-hk/cardano-base
    commit: b364d925e0a72689ecba40dd1f4899f76170b894
- completed:
    subdir: slotting
    name: cardano-slotting
    version: 0.1.0.0
    git: https://github.com/input-output-hk/cardano-base
    pantry-tree:
      size: 572
      sha256: 22db50e22ed34188214d2490aab67f6c3235535851f3055f21d8a0fd1a067d34
    commit: b364d925e0a72689ecba40dd1f4899f76170b894
  original:
    subdir: slotting
    git: https://github.com/input-output-hk/cardano-base
    commit: b364d925e0a72689ecba40dd1f4899f76170b894
- completed:
    name: cardano-crypto
    version: 1.1.0
    git: https://github.com/input-output-hk/cardano-crypto
    pantry-tree:
      size: 5300
      sha256: e47672988b56ef3c3bae513ab3cc1a50d492c75f598fcfb234d1db37bbacbada
    commit: f73079303f663e028288f9f4a9e08bcca39a923e
  original:
    git: https://github.com/input-output-hk/cardano-crypto
    commit: f73079303f663e028288f9f4a9e08bcca39a923e
- completed:
    subdir: byron/chain/executable-spec
    name: byron-spec-chain
    version: 0.1.0.0
    git: https://github.com/input-output-hk/cardano-ledger-specs
    pantry-tree:
      size: 1029
      sha256: d7de96109d318c8ab12680193ce6b308fffa24834a0c38b138e93bdf8d8a405b
    commit: 097890495cbb0e8b62106bcd090a5721c3f4b36f
  original:
    subdir: byron/chain/executable-spec
    git: https://github.com/input-output-hk/cardano-ledger-specs
    commit: 097890495cbb0e8b62106bcd090a5721c3f4b36f
- completed:
    subdir: byron/crypto
    name: cardano-crypto-wrapper
    version: 1.3.0
    git: https://github.com/input-output-hk/cardano-ledger-specs
    pantry-tree:
      size: 4430
      sha256: 08c55c47b1eda422833d69c326698f4a4da478a12ebbad19606747f9b3119c5c
    commit: 097890495cbb0e8b62106bcd090a5721c3f4b36f
  original:
    subdir: byron/crypto
    git: https://github.com/input-output-hk/cardano-ledger-specs
    commit: 097890495cbb0e8b62106bcd090a5721c3f4b36f
- completed:
    subdir: byron/crypto/test
    name: cardano-crypto-test
    version: 1.3.0
    git: https://github.com/input-output-hk/cardano-ledger-specs
    pantry-tree:
      size: 2364
      sha256: 207b9bdbf33fd2e8515a4d1174530d7fcce8dd4e651e5de6e72fa9b90b1b3acd
    commit: 097890495cbb0e8b62106bcd090a5721c3f4b36f
  original:
    subdir: byron/crypto/test
    git: https://github.com/input-output-hk/cardano-ledger-specs
    commit: 097890495cbb0e8b62106bcd090a5721c3f4b36f
- completed:
    subdir: byron/ledger/executable-spec
    name: byron-spec-ledger
    version: 0.1.0.0
    git: https://github.com/input-output-hk/cardano-ledger-specs
    pantry-tree:
      size: 5043
      sha256: 06860258f503ef286eb56f70e15988e8c91d9b3528d1360fd8cabaa12d94f6a9
    commit: 097890495cbb0e8b62106bcd090a5721c3f4b36f
  original:
    subdir: byron/ledger/executable-spec
    git: https://github.com/input-output-hk/cardano-ledger-specs
    commit: 097890495cbb0e8b62106bcd090a5721c3f4b36f
- completed:
    subdir: byron/ledger/impl
    name: cardano-ledger
    version: 0.1.0.0
    git: https://github.com/input-output-hk/cardano-ledger-specs
    pantry-tree:
      size: 19574
      sha256: 9cd4a4bb3bd1943695044edc05d25d04db574ccd2bb92d9567993484075ca6d4
    commit: 097890495cbb0e8b62106bcd090a5721c3f4b36f
  original:
    subdir: byron/ledger/impl
    git: https://github.com/input-output-hk/cardano-ledger-specs
    commit: 097890495cbb0e8b62106bcd090a5721c3f4b36f
- completed:
    subdir: byron/ledger/impl/test
    name: cardano-ledger-test
    version: 1.3.0
    git: https://github.com/input-output-hk/cardano-ledger-specs
    pantry-tree:
      size: 11347
      sha256: 4c736e4b2603138fcc2a3c92fc0e955691a503540c496170af8274096a6c54e1
    commit: 097890495cbb0e8b62106bcd090a5721c3f4b36f
  original:
    subdir: byron/ledger/impl/test
    git: https://github.com/input-output-hk/cardano-ledger-specs
    commit: 097890495cbb0e8b62106bcd090a5721c3f4b36f
- completed:
    subdir: semantics/executable-spec
    name: small-steps
    version: 0.1.0.0
    git: https://github.com/input-output-hk/cardano-ledger-specs
    pantry-tree:
      size: 1140
      sha256: c8f7843de1f2bb1d67a85c24eb780e33469a4403b9d108300ebad241da9b020f
    commit: 097890495cbb0e8b62106bcd090a5721c3f4b36f
  original:
    subdir: semantics/executable-spec
    git: https://github.com/input-output-hk/cardano-ledger-specs
    commit: 097890495cbb0e8b62106bcd090a5721c3f4b36f
- completed:
    subdir: semantics/small-steps-test
    name: small-steps-test
    version: 0.1.0.0
    git: https://github.com/input-output-hk/cardano-ledger-specs
    pantry-tree:
      size: 972
      sha256: a4648e13d0c2784bcd2b3696b765b496627f7f95e683bf315057c01c511128c7
    commit: 097890495cbb0e8b62106bcd090a5721c3f4b36f
  original:
    subdir: semantics/small-steps-test
    git: https://github.com/input-output-hk/cardano-ledger-specs
    commit: 097890495cbb0e8b62106bcd090a5721c3f4b36f
- completed:
    subdir: shelley/chain-and-ledger/dependencies/non-integer
    name: shelley-spec-non-integral
    version: 0.1.0.0
    git: https://github.com/input-output-hk/cardano-ledger-specs
    pantry-tree:
      size: 1892
      sha256: 0ad352903164716228c9155155a14981eb1497e21ca9b169c0dc77da58955e3c
    commit: 097890495cbb0e8b62106bcd090a5721c3f4b36f
  original:
    subdir: shelley/chain-and-ledger/dependencies/non-integer
    git: https://github.com/input-output-hk/cardano-ledger-specs
    commit: 097890495cbb0e8b62106bcd090a5721c3f4b36f
- completed:
    subdir: shelley/chain-and-ledger/executable-spec
    name: shelley-spec-ledger
    version: 0.1.0.0
    git: https://github.com/input-output-hk/cardano-ledger-specs
    pantry-tree:
      size: 5772
      sha256: 24fe560ee507b12fe19dee7c3c6f800437d47ccd5a20751b8b431686d5d7f987
    commit: 097890495cbb0e8b62106bcd090a5721c3f4b36f
  original:
    subdir: shelley/chain-and-ledger/executable-spec
    git: https://github.com/input-output-hk/cardano-ledger-specs
    commit: 097890495cbb0e8b62106bcd090a5721c3f4b36f
- completed:
    subdir: shelley/chain-and-ledger/shelley-spec-ledger-test
    name: shelley-spec-ledger-test
    version: 0.1.0.0
    git: https://github.com/input-output-hk/cardano-ledger-specs
    pantry-tree:
      size: 6837
      sha256: 59f2ccb4f0b948851f6e2f48dec6a3b31bddc026dfd7e3c130e44fe2440fb4b2
    commit: 097890495cbb0e8b62106bcd090a5721c3f4b36f
  original:
    subdir: shelley/chain-and-ledger/shelley-spec-ledger-test
    git: https://github.com/input-output-hk/cardano-ledger-specs
    commit: 097890495cbb0e8b62106bcd090a5721c3f4b36f
- completed:
    subdir: shelley-ma/impl
    name: cardano-ledger-shelley-ma
    version: 0.1.0.0
    git: https://github.com/input-output-hk/cardano-ledger-specs
    pantry-tree:
      size: 1115
      sha256: 7b0573d86401bef28cb27ffc1676b1534c239cd687b8536a409d9ae942210a43
    commit: 097890495cbb0e8b62106bcd090a5721c3f4b36f
  original:
    subdir: shelley-ma/impl
    git: https://github.com/input-output-hk/cardano-ledger-specs
    commit: 097890495cbb0e8b62106bcd090a5721c3f4b36f
- completed:
    subdir: cardano-api
    name: cardano-api
    version: 1.25.1
    git: https://github.com/input-output-hk/cardano-node
    pantry-tree:
      size: 5823
      sha256: 79662835fd0f542bb9f45a62f899431ad3d9eb545eb24a2c11da1c0b2d3b0468
    commit: 9a7331cce5e8bc0ea9c6bfa1c28773f4c5a7000f
  original:
    subdir: cardano-api
    git: https://github.com/input-output-hk/cardano-node
    commit: 9a7331cce5e8bc0ea9c6bfa1c28773f4c5a7000f
- completed:
    subdir: cardano-api/test
    name: cardano-api-test
    version: 1.24.0
    git: https://github.com/input-output-hk/cardano-node
    pantry-tree:
      size: 2119
      sha256: e91aa84c23c55c7b98ccad51aa6c1d00a4662e2fd9127e10d8a51f1e1dd60ea2
    commit: 9a7331cce5e8bc0ea9c6bfa1c28773f4c5a7000f
  original:
    subdir: cardano-api/test
    git: https://github.com/input-output-hk/cardano-node
    commit: 9a7331cce5e8bc0ea9c6bfa1c28773f4c5a7000f
- completed:
    subdir: cardano-cli
    name: cardano-cli
    version: 1.25.1
    git: https://github.com/input-output-hk/cardano-node
    pantry-tree:
      size: 14990
      sha256: 5a4f924a8f6dbc8f3899c74e6522047cf54035a8c9b264d9c9dabd2f694ca38a
    commit: 9a7331cce5e8bc0ea9c6bfa1c28773f4c5a7000f
  original:
    subdir: cardano-cli
    git: https://github.com/input-output-hk/cardano-node
    commit: 9a7331cce5e8bc0ea9c6bfa1c28773f4c5a7000f
- completed:
    subdir: cardano-config
    name: cardano-config
    version: 0.1.0.0
    git: https://github.com/input-output-hk/cardano-node
    pantry-tree:
      size: 398
      sha256: 3422e8b8a7827f90bdb26574df9311cbfe049acd55daf694bbb491cb89bdc2bd
    commit: 9a7331cce5e8bc0ea9c6bfa1c28773f4c5a7000f
  original:
    subdir: cardano-config
    git: https://github.com/input-output-hk/cardano-node
    commit: 9a7331cce5e8bc0ea9c6bfa1c28773f4c5a7000f
- completed:
    subdir: cardano-node
    name: cardano-node
    version: 1.25.1
    git: https://github.com/input-output-hk/cardano-node
    pantry-tree:
      size: 3117
      sha256: 07f221bfa0094671d82acb1447f4fa713efe4680330b6e8c16f68cde18689602
    commit: 9a7331cce5e8bc0ea9c6bfa1c28773f4c5a7000f
  original:
    subdir: cardano-node
    git: https://github.com/input-output-hk/cardano-node
    commit: 9a7331cce5e8bc0ea9c6bfa1c28773f4c5a7000f
- completed:
    subdir: cardano-node-chairman
    name: cardano-node-chairman
    version: 1.25.1
    git: https://github.com/input-output-hk/cardano-node
    pantry-tree:
      size: 1844
      sha256: 8132246170cd31f97119f591392f2e7551767d7f253c179257511fd62c6ce6b1
    commit: 9a7331cce5e8bc0ea9c6bfa1c28773f4c5a7000f
  original:
    subdir: cardano-node-chairman
    git: https://github.com/input-output-hk/cardano-node
    commit: 9a7331cce5e8bc0ea9c6bfa1c28773f4c5a7000f
- completed:
    subdir: hedgehog-extras
    name: hedgehog-extras
    version: 0.1.0.0
    git: https://github.com/input-output-hk/cardano-node
    pantry-tree:
      size: 1724
      sha256: e497a12c75c3dfc85f7a405db06ab29881cdfe8e3b75b198a3c7d826b84a55dd
    commit: 9a7331cce5e8bc0ea9c6bfa1c28773f4c5a7000f
  original:
    subdir: hedgehog-extras
    git: https://github.com/input-output-hk/cardano-node
    commit: 9a7331cce5e8bc0ea9c6bfa1c28773f4c5a7000f
- completed:
    subdir: cardano-prelude
    name: cardano-prelude
    version: 0.1.0.0
    git: https://github.com/input-output-hk/cardano-prelude
    pantry-tree:
      size: 1654
      sha256: 4104e66a34e8b8efa0794c38ed12a1c2c42fd0c8674b2e23bfd35f69b0940566
    commit: ee4e7b547a991876e6b05ba542f4e62909f4a571
  original:
    subdir: cardano-prelude
    git: https://github.com/input-output-hk/cardano-prelude
    commit: ee4e7b547a991876e6b05ba542f4e62909f4a571
- completed:
    subdir: cardano-prelude-test
    name: cardano-prelude-test
    version: 0.1.0.0
    git: https://github.com/input-output-hk/cardano-prelude
    pantry-tree:
      size: 1130
      sha256: 5738518f918a2c7da4ee6ed6c7ffc68a9f99075dfc6fd8b2c2faf82da1046900
    commit: ee4e7b547a991876e6b05ba542f4e62909f4a571
  original:
    subdir: cardano-prelude-test
    git: https://github.com/input-output-hk/cardano-prelude
    commit: ee4e7b547a991876e6b05ba542f4e62909f4a571
- completed:
    name: cardano-sl-x509
    version: 3.0.0
    git: https://github.com/input-output-hk/cardano-sl-x509
    pantry-tree:
      size: 691
      sha256: 4b21e02a6cf40f0f8113b1c49a12108ba5c3b528f2832073ae765871e8c92151
    commit: 43a036c5bbe68ca2e9cbe611eab7982e2348fe49
  original:
    git: https://github.com/input-output-hk/cardano-sl-x509
    commit: 43a036c5bbe68ca2e9cbe611eab7982e2348fe49
- completed:
    name: goblins
    version: 0.2.0.0
    git: https://github.com/input-output-hk/goblins
    pantry-tree:
      size: 928
      sha256: 4df5d3e7f5341949af46f1dd6b32642a6058ece469693fdbb14ad7582945ebc9
    commit: cde90a2b27f79187ca8310b6549331e59595e7ba
  original:
    git: https://github.com/input-output-hk/goblins
    commit: cde90a2b27f79187ca8310b6549331e59595e7ba
- completed:
    subdir: contra-tracer
    name: contra-tracer
    version: 0.1.0.0
    git: https://github.com/input-output-hk/iohk-monitoring-framework
    pantry-tree:
      size: 338
      sha256: 7902fbc68aba33d6f139d0815a6e71e704a62684bf2bddaca9959e569301f25d
    commit: 563e79f28c6da5c547463391d4c58a81442e48db
  original:
    subdir: contra-tracer
    git: https://github.com/input-output-hk/iohk-monitoring-framework
    commit: 563e79f28c6da5c547463391d4c58a81442e48db
- completed:
    subdir: iohk-monitoring
    name: iohk-monitoring
    version: 0.1.10.1
    git: https://github.com/input-output-hk/iohk-monitoring-framework
    pantry-tree:
      size: 4944
      sha256: 695781d60886a9a223b2e7bd9a9ee303510b4f6e84149eb4fb054ec89ad7581f
    commit: 563e79f28c6da5c547463391d4c58a81442e48db
  original:
    subdir: iohk-monitoring
    git: https://github.com/input-output-hk/iohk-monitoring-framework
    commit: 563e79f28c6da5c547463391d4c58a81442e48db
- completed:
    subdir: plugins/backend-aggregation
    name: lobemo-backend-aggregation
    version: 0.1.0.0
    git: https://github.com/input-output-hk/iohk-monitoring-framework
    pantry-tree:
      size: 343
      sha256: fe1d61fe24e95753a3824d453143ef4e7a51ccba2331dd1160a58c8b2abedc95
    commit: 563e79f28c6da5c547463391d4c58a81442e48db
  original:
    subdir: plugins/backend-aggregation
    git: https://github.com/input-output-hk/iohk-monitoring-framework
    commit: 563e79f28c6da5c547463391d4c58a81442e48db
- completed:
    subdir: plugins/backend-ekg
    name: lobemo-backend-ekg
    version: 0.1.0.1
    git: https://github.com/input-output-hk/iohk-monitoring-framework
    pantry-tree:
      size: 409
      sha256: 8b5708e3aa9b94d51e2f6186057117d9eb912a80968c597f55883c3adf0e7057
    commit: 563e79f28c6da5c547463391d4c58a81442e48db
  original:
    subdir: plugins/backend-ekg
    git: https://github.com/input-output-hk/iohk-monitoring-framework
    commit: 563e79f28c6da5c547463391d4c58a81442e48db
- completed:
    subdir: plugins/backend-monitoring
    name: lobemo-backend-monitoring
    version: 0.1.0.0
    git: https://github.com/input-output-hk/iohk-monitoring-framework
    pantry-tree:
      size: 471
      sha256: 91da1a055a6fb446a074f3deeaa65f4318f15bc3247d551f71d035d1efa51784
    commit: 563e79f28c6da5c547463391d4c58a81442e48db
  original:
    subdir: plugins/backend-monitoring
    git: https://github.com/input-output-hk/iohk-monitoring-framework
    commit: 563e79f28c6da5c547463391d4c58a81442e48db
- completed:
    subdir: plugins/backend-trace-forwarder
    name: lobemo-backend-trace-forwarder
    version: 0.1.0.0
    git: https://github.com/input-output-hk/iohk-monitoring-framework
    pantry-tree:
      size: 350
      sha256: 0d86c6f715b106f6748a4589762c97f396aaa7b43186aa81f31b4f06ec1a3a51
    commit: 563e79f28c6da5c547463391d4c58a81442e48db
  original:
    subdir: plugins/backend-trace-forwarder
    git: https://github.com/input-output-hk/iohk-monitoring-framework
    commit: 563e79f28c6da5c547463391d4c58a81442e48db
- completed:
    subdir: plugins/scribe-systemd
    name: lobemo-scribe-systemd
    version: 0.1.0.0
    git: https://github.com/input-output-hk/iohk-monitoring-framework
    pantry-tree:
      size: 332
      sha256: f0481607ca5a9ea854202ba5a3bc91b85b14617e6d3ae471ae05bfad7cf1aaa1
    commit: 563e79f28c6da5c547463391d4c58a81442e48db
  original:
    subdir: plugins/scribe-systemd
    git: https://github.com/input-output-hk/iohk-monitoring-framework
    commit: 563e79f28c6da5c547463391d4c58a81442e48db
- completed:
    subdir: tracer-transformers
    name: tracer-transformers
    version: 0.1.0.1
    git: https://github.com/input-output-hk/iohk-monitoring-framework
    pantry-tree:
      size: 631
      sha256: b774352920631cfe54b8d947a063999a8327d259f95ed0e25671ad8ac90a02d0
    commit: 563e79f28c6da5c547463391d4c58a81442e48db
  original:
    subdir: tracer-transformers
    git: https://github.com/input-output-hk/iohk-monitoring-framework
    commit: 563e79f28c6da5c547463391d4c58a81442e48db
- completed:
    subdir: io-sim
    name: io-sim
    version: 0.2.0.0
    git: https://github.com/input-output-hk/ouroboros-network
    pantry-tree:
      size: 565
      sha256: 54ea6c96cf648ad25cde7c8808980f7ae56166f271f3c60fbdbe8d183365dc79
    commit: 6cb9052bde39472a0555d19ade8a42da63d3e904
  original:
    subdir: io-sim
    git: https://github.com/input-output-hk/ouroboros-network
    commit: 6cb9052bde39472a0555d19ade8a42da63d3e904
- completed:
    subdir: io-sim-classes
    name: io-sim-classes
    version: 0.2.0.0
    git: https://github.com/input-output-hk/ouroboros-network
    pantry-tree:
      size: 1155
      sha256: 7eeace159b8b4dcc8b5de1ba6a36854813d378730bfd33eeab9728ade8466986
    commit: 6cb9052bde39472a0555d19ade8a42da63d3e904
  original:
    subdir: io-sim-classes
    git: https://github.com/input-output-hk/ouroboros-network
    commit: 6cb9052bde39472a0555d19ade8a42da63d3e904
- completed:
    subdir: network-mux
    name: network-mux
    version: 0.1.0.0
    git: https://github.com/input-output-hk/ouroboros-network
    pantry-tree:
      size: 2001
      sha256: 460cf84a260f5b0e1fb903548a207a9acbd1c90b79aca2ca817eb40bb26b4a8c
    commit: 6cb9052bde39472a0555d19ade8a42da63d3e904
  original:
    subdir: network-mux
    git: https://github.com/input-output-hk/ouroboros-network
    commit: 6cb9052bde39472a0555d19ade8a42da63d3e904
- completed:
    subdir: ouroboros-consensus
    name: ouroboros-consensus
    version: 0.1.0.0
    git: https://github.com/input-output-hk/ouroboros-network
    pantry-tree:
      size: 21876
      sha256: 77c0c68756f96cf2f28668ccf19360b2c3fcd20ede22f27b328617400be0ad30
    commit: 6cb9052bde39472a0555d19ade8a42da63d3e904
  original:
    subdir: ouroboros-consensus
    git: https://github.com/input-output-hk/ouroboros-network
    commit: 6cb9052bde39472a0555d19ade8a42da63d3e904
- completed:
    subdir: ouroboros-consensus-byron
    name: ouroboros-consensus-byron
    version: 0.1.0.0
    git: https://github.com/input-output-hk/ouroboros-network
    pantry-tree:
      size: 2003
      sha256: b68f22a9b427e318004e92011efe0a582bb77e3bc495d39ce05ebbdeb01cdd93
    commit: 6cb9052bde39472a0555d19ade8a42da63d3e904
  original:
    subdir: ouroboros-consensus-byron
    git: https://github.com/input-output-hk/ouroboros-network
    commit: 6cb9052bde39472a0555d19ade8a42da63d3e904
- completed:
    subdir: ouroboros-consensus-cardano
    name: ouroboros-consensus-cardano
    version: 0.1.0.0
    git: https://github.com/input-output-hk/ouroboros-network
    pantry-tree:
      size: 1363
      sha256: a9491d695a21a0c6b438b20f18f9220b8ac2f484921afa5148912ae0c6e5ab80
    commit: 6cb9052bde39472a0555d19ade8a42da63d3e904
  original:
    subdir: ouroboros-consensus-cardano
    git: https://github.com/input-output-hk/ouroboros-network
    commit: 6cb9052bde39472a0555d19ade8a42da63d3e904
- completed:
    subdir: ouroboros-consensus-shelley
    name: ouroboros-consensus-shelley
    version: 0.1.0.0
    git: https://github.com/input-output-hk/ouroboros-network
    pantry-tree:
      size: 1963
      sha256: d6848357cd075488d9a41732197c6bb01378f9392019ad6bc1a476218ec60e63
    commit: 6cb9052bde39472a0555d19ade8a42da63d3e904
  original:
    subdir: ouroboros-consensus-shelley
    git: https://github.com/input-output-hk/ouroboros-network
    commit: 6cb9052bde39472a0555d19ade8a42da63d3e904
- completed:
    subdir: ouroboros-network
    name: ouroboros-network
    version: 0.1.0.0
    git: https://github.com/input-output-hk/ouroboros-network
    pantry-tree:
      size: 11450
      sha256: 7f578d18d04a28e2ee4f560a60b3d8ae8efebd93f9f6f8d8b4316b2e3250fc9c
    commit: 6cb9052bde39472a0555d19ade8a42da63d3e904
  original:
    subdir: ouroboros-network
    git: https://github.com/input-output-hk/ouroboros-network
    commit: 6cb9052bde39472a0555d19ade8a42da63d3e904
- completed:
    subdir: ouroboros-network-framework
    name: ouroboros-network-framework
    version: 0.1.0.0
    git: https://github.com/input-output-hk/ouroboros-network
    pantry-tree:
      size: 3672
      sha256: bc7e78d79eda80976994b8fa0826c770d6a28718f1823b914b082970dd1bc4a1
    commit: 6cb9052bde39472a0555d19ade8a42da63d3e904
  original:
    subdir: ouroboros-network-framework
    git: https://github.com/input-output-hk/ouroboros-network
    commit: 6cb9052bde39472a0555d19ade8a42da63d3e904
- completed:
    subdir: typed-protocols
    name: typed-protocols
    version: 0.1.0.0
    git: https://github.com/input-output-hk/ouroboros-network
    pantry-tree:
      size: 536
      sha256: 34c500ed366101448d398b5f60d4e9b74393e1bf05ef7b05a32cfc5a7f1c779c
    commit: 6cb9052bde39472a0555d19ade8a42da63d3e904
  original:
    subdir: typed-protocols
    git: https://github.com/input-output-hk/ouroboros-network
    commit: 6cb9052bde39472a0555d19ade8a42da63d3e904
- completed:
    subdir: typed-protocols-examples
    name: typed-protocols-examples
    version: 0.1.0.0
    git: https://github.com/input-output-hk/ouroboros-network
    pantry-tree:
      size: 1469
      sha256: 99a868ebf13948ea3f7ba97748bed647f1e5527b46e0e4016769c364775aec9b
    commit: 6cb9052bde39472a0555d19ade8a42da63d3e904
  original:
    subdir: typed-protocols-examples
    git: https://github.com/input-output-hk/ouroboros-network
    commit: 6cb9052bde39472a0555d19ade8a42da63d3e904
- completed:
    subdir: cardano-client
    name: cardano-client
    version: 0.1.0.0
    git: https://github.com/input-output-hk/ouroboros-network
    pantry-tree:
      size: 233
      sha256: f4d388fd2b32419a4ee0e0d06cff927d7a950f3c13b6f17c6ba3c4690a22c93c
    commit: 6cb9052bde39472a0555d19ade8a42da63d3e904
  original:
    subdir: cardano-client
    git: https://github.com/input-output-hk/ouroboros-network
    commit: 6cb9052bde39472a0555d19ade8a42da63d3e904
- completed:
    subdir: ntp-client
    name: ntp-client
    version: 0.0.1
    git: https://github.com/input-output-hk/ouroboros-network
    pantry-tree:
      size: 618
      sha256: f5158d2e4e9d722f8ebd77e99807ea267e13a1c7b608569a4780b75f5239c08b
    commit: 6cb9052bde39472a0555d19ade8a42da63d3e904
  original:
    subdir: ntp-client
    git: https://github.com/input-output-hk/ouroboros-network
    commit: 6cb9052bde39472a0555d19ade8a42da63d3e904
- completed:
    subdir: ouroboros-consensus-mock
    name: ouroboros-consensus-mock
    version: 0.1.0.0
    git: https://github.com/input-output-hk/ouroboros-network
    pantry-tree:
      size: 1892
      sha256: 84c08439cd8b3fff30275c37f63c464a440efc580edab47add1adff29762ad58
    commit: 6cb9052bde39472a0555d19ade8a42da63d3e904
  original:
    subdir: ouroboros-consensus-mock
    git: https://github.com/input-output-hk/ouroboros-network
    commit: 6cb9052bde39472a0555d19ade8a42da63d3e904
- completed:
    name: Win32-network
    version: 0.1.0.0
    git: https://github.com/input-output-hk/Win32-network
    pantry-tree:
      size: 2053
      sha256: cb0b0eddcf0e42366fedf9a9b2e13c77c2c83140476a622133c81bf1b73d7138
    commit: 94153b676617f8f33abe8d8182c37377d2784bd1
  original:
    git: https://github.com/input-output-hk/Win32-network
    commit: 94153b676617f8f33abe8d8182c37377d2784bd1
- completed:
    subdir: http-client
    name: http-client
    version: 0.6.4.1
    git: https://github.com/snoyberg/http-client.git
    pantry-tree:
      size: 3128
      sha256: 158a45baf3b9d1563842cabdee57a467c6c4929b439eec4992a287c524244795
    commit: 1a75bdfca014723dd5d40760fad854b3f0f37156
  original:
    subdir: http-client
    git: https://github.com/snoyberg/http-client.git
    commit: 1a75bdfca014723dd5d40760fad854b3f0f37156
- completed:
    hackage: Cabal-3.4.0.0@sha256:74ca2bc93297dc20b291c8dc721055278aa4a7942b0b5aca86766d407e3cbe5f,30533
    pantry-tree:
      size: 45845
      sha256: b378b1f4a94f2911e9774c67e16859d7deae1ee1bad787cf790443e1f031388f
  original:
    hackage: Cabal-3.4.0.0
- completed:
    hackage: OddWord-1.0.2.0@sha256:5d848ff5db2c0457ce37ccc8898ce2b6b880a1c6a78e5b16841328a7404ff5ee,1888
    pantry-tree:
      size: 476
      sha256: a4d203a05501dd71ee7f5af5f670f74361fdc28d88ffc4e0c39828c36d661e82
  original:
    hackage: OddWord-1.0.2.0
- completed:
    hackage: async-timer-0.2.0.0@sha256:e1504aa0fb5932cb07498ec548180aba9e03a3e7f5d2c810bf3dce75fbdd34d6,2048
    pantry-tree:
      size: 420
      sha256: f6e0f4929cf25a1b6e732cbc9c7a8902e922d8c989c3cf9e0623052847857c94
  original:
    hackage: async-timer-0.2.0.0
- completed:
    hackage: command-0.1.1@sha256:5232b98c195bc3b8a6f35c55ccd2fa424abe355ca54cfcd836bbe7e494834773,1110
    pantry-tree:
      size: 167
      sha256: 1ecfeb4b1367de6b489dbda20be05df78beb07f71d7c0b1f471fab1cd9c8044a
  original:
    hackage: command-0.1.1
- completed:
    hackage: markov-chain-usage-model-0.0.0@sha256:1afa95faeb9213c4d960a669190078b41b89169462b8edd910472980671ba8c0,2112
    pantry-tree:
      size: 432
      sha256: 6871bd9281acf589296d0998a3d62892b036040ab10e74e8a0f356f68c194f4f
  original:
    hackage: markov-chain-usage-model-0.0.0
- completed:
    hackage: parsec-3.1.14.0@sha256:72d5c57e6e126adaa781ab97b19dc76f68490c0a3d88f14038219994cabe94e1,4356
    pantry-tree:
      size: 2574
      sha256: 495a86688c6e89faf38b8804cc4c9216709e9a6a93cf56c2f07d5bef83f09a17
  original:
    hackage: parsec-3.1.14.0
- completed:
    hackage: quickcheck-state-machine-0.7.0@sha256:4fc4467380e35b88aab72c278856aacebbf95688059d8ad70eb82fe048df476b,4958
    pantry-tree:
      size: 3022
      sha256: 045794fff983e385560b321ff5576f6ec5c2821748c3042053f72daaca7beba8
  original:
    hackage: quickcheck-state-machine-0.7.0
- completed:
    subdir: command-line
    name: cardano-addresses-cli
    version: 3.2.0
    git: https://github.com/input-output-hk/cardano-addresses
    pantry-tree:
      size: 4152
      sha256: a1b14d9f1b529667ef9d048e460b24234d04e32b303fd0971b83f7187c6ae487
    commit: 05bd6d0b877d8fc440be83142935fa1e7a915916
  original:
    subdir: command-line
    git: https://github.com/input-output-hk/cardano-addresses
    commit: 05bd6d0b877d8fc440be83142935fa1e7a915916
- completed:
    subdir: core
    name: cardano-addresses
    version: 3.2.0
    git: https://github.com/input-output-hk/cardano-addresses
    pantry-tree:
      size: 2015
      sha256: 28a0d5e7c6ed17a967541325ded2d7da39123bb74ece9e5d78775f82481341bc
    commit: 05bd6d0b877d8fc440be83142935fa1e7a915916
  original:
    subdir: core
    git: https://github.com/input-output-hk/cardano-addresses
    commit: 05bd6d0b877d8fc440be83142935fa1e7a915916
- completed:
    name: cardano-transactions
    version: 1.0.0
    git: https://github.com/input-output-hk/cardano-transactions
    pantry-tree:
      size: 1849
      sha256: a4e2ca925590ef626d4b6ee0d4628f0b510149d97da764c1b6cbf2f51861b958
    commit: efc3914f950438b70ebe20919bf6c0ecf93b3bbc
  original:
    git: https://github.com/input-output-hk/cardano-transactions
    commit: efc3914f950438b70ebe20919bf6c0ecf93b3bbc
snapshots:
- completed:
    size: 3315
    url: https://raw.githubusercontent.com/input-output-hk/cardano-haskell/231870a3b785f569daef0596b3a1657324c9394a/snapshots/cardano-1.25.1-GHC-8.10.4.yaml
    sha256: 6a7b1c45bd649ca9d5700266b719460dcbb35eff9a625d68b50af4193703d68e
  original:
    url: https://raw.githubusercontent.com/input-output-hk/cardano-haskell/231870a3b785f569daef0596b3a1657324c9394a/snapshots/cardano-1.25.1-GHC-8.10.4.yaml
- completed:
    size: 565712
    url: https://raw.githubusercontent.com/commercialhaskell/stackage-snapshots/master/lts/17/6.yaml
    sha256: 4e5e581a709c88e3fe26a9ce8bf331435729bead762fb5c190064c6c5bb1b835
  original: lts-17.6
